
Microsoft Visual Studio Solution File, Format Version 12.00
# Visual Studio Version 16
VisualStudioVersion = 16.0.31729.503
MinimumVisualStudioVersion = 10.0.40219.1
Project("{FAE04EC0-301F-11D3-BF4B-00C04F79EFBC}") = "ByteBank", "ByteBank\ByteBank.csproj", "{46F05BCD-8345-44F9-BA50-4523B21C9B63}"
EndProject
Project("{FAE04EC0-301F-11D3-BF4B-00C04F79EFBC}") = "MaoNaMassa", "MaoNaMassa\MaoNaMassa.csproj", "{DCAC74CA-1EA5-4E39-9463-44C8ADD96631}"
EndProject
Global
	GlobalSection(SolutionConfigurationPlatforms) = preSolution
		Debug|Any CPU = Debug|Any CPU
		Release|Any CPU = Release|Any CPU
	EndGlobalSection
	GlobalSection(ProjectConfigurationPlatforms) = postSolution
		{46F05BCD-8345-44F9-BA50-4523B21C9B63}.Debug|Any CPU.ActiveCfg = Debug|Any CPU
		{46F05BCD-8345-44F9-BA50-4523B21C9B63}.Debug|Any CPU.Build.0 = Debug|Any CPU
		{46F05BCD-8345-44F9-BA50-4523B21C9B63}.Release|Any CPU.ActiveCfg = Release|Any CPU
		{46F05BCD-8345-44F9-BA50-4523B21C9B63}.Release|Any CPU.Build.0 = Release|Any CPU
		{DCAC74CA-1EA5-4E39-9463-44C8ADD96631}.Debug|Any CPU.ActiveCfg = Debug|Any CPU
		{DCAC74CA-1EA5-4E39-9463-44C8ADD96631}.Debug|Any CPU.Build.0 = Debug|Any CPU
		{DCAC74CA-1EA5-4E39-9463-44C8ADD96631}.Release|Any CPU.ActiveCfg = Release|Any CPU
		{DCAC74CA-1EA5-4E39-9463-44C8ADD96631}.Release|Any CPU.Build.0 = Release|Any CPU
	EndGlobalSection
	GlobalSection(SolutionProperties) = preSolution
		HideSolutionNode = FALSE
	EndGlobalSection
	GlobalSection(ExtensibilityGlobals) = postSolution
		SolutionGuid = {CD6B4D4D-66E3-4AD3-BDD2-B1FFF5780657}
	EndGlobalSection
EndGlobal
